
Microsoft Visual Studio Solution File, Format Version 12.00
# Visual Studio Version 18
VisualStudioVersion = 18.5.11626.173
MinimumVisualStudioVersion = 10.0.40219.1
Project("{2150E333-8FDC-42A3-9474-1A3956D46DE8}") = "Tests", "Tests", "{64A88384-A777-47DE-A213-13A0157DC278}"
EndProject
Project("{2150E333-8FDC-42A3-9474-1A3956D46DE8}") = "Solution Items", "Solution Items", "{57BD0CD8-DCE9-4F5B-8A75-3A1A1EE18309}"
EndProject
Project("{9A19103F-16F7-4668-BE54-9A1E7A4F7556}") = "T2t.Barcode.Drawing", "T2t.Barcode.Drawing\T2t.Barcode.Drawing.csproj", "{77484B9B-7400-4C6E-A997-CAB7FA7F9B1E}"
EndProject
Project("{9A19103F-16F7-4668-BE54-9A1E7A4F7556}") = "T2t.Barcode.Skia", "T2t.Barcode.Skia\T2t.Barcode.Skia.csproj", "{1F5F6D44-DD73-4D1E-882D-ED0681A0F4AB}"
EndProject
Project("{9A19103F-16F7-4668-BE54-9A1E7A4F7556}") = "T2t.Barcode.Svg", "T2t.Barcode.Svg\T2t.Barcode.Svg.csproj", "{416E6295-156F-4576-A4D4-A64224ED9391}"
EndProject
Project("{9A19103F-16F7-4668-BE54-9A1E7A4F7556}") = "T2t.Barcode.Core", "T2t.Barcode.Core\T2t.Barcode.Core.csproj", "{A890780A-AA8F-4DCB-8290-CCA66D1E86E9}"
EndProject
Project("{2150E333-8FDC-42A3-9474-1A3956D46DE8}") = "Examples", "Examples", "{F88B5D6E-EB6E-4B02-9264-79077B7BEDBB}"
EndProject
Project("{FAE04EC0-301F-11D3-BF4B-00C04F79EFBC}") = "T2t.Barcode.TestForms", "Examples\T2t.Barcode.TestForms\T2t.Barcode.TestForms.csproj", "{4D2A955B-BE98-80C7-B5CE-6147D2B9404C}"
EndProject
Project("{FAE04EC0-301F-11D3-BF4B-00C04F79EFBC}") = "T2t.Barcode.Svg.Tests", "Tests\T2t.Barcode.Svg.Tests\T2t.Barcode.Svg.Tests.csproj", "{A1E4AB90-1DFD-E3B8-7CC4-5C9E23001E05}"
EndProject
Project("{FAE04EC0-301F-11D3-BF4B-00C04F79EFBC}") = "T2t.Barcode.Drawing.Tests", "Tests\T2t.Barcode.Drawing.Tests\T2t.Barcode.Drawing.Tests.csproj", "{E7C17FFF-2453-5599-4DAE-D22656B1CC91}"
EndProject
Project("{FAE04EC0-301F-11D3-BF4B-00C04F79EFBC}") = "T2t.Barcode.Skia.Tests", "Tests\T2t.Barcode.Skia.Tests\T2t.Barcode.Skia.Tests.csproj", "{94CD5DD4-1026-5124-3151-1362C5E360C8}"
EndProject
Project("{2150E333-8FDC-42A3-9474-1A3956D46DE8}") = "GitHub", "GitHub", "{98EE4D01-A3F5-4B7A-A873-A7AAAB4F5089}"
	ProjectSection(SolutionItems) = preProject
		.github\workflows\ci.yml = .github\workflows\ci.yml
		.github\workflows\release.yml = .github\workflows\release.yml
	EndProjectSection
EndProject
Project("{2150E333-8FDC-42A3-9474-1A3956D46DE8}") = "Testing", "Testing", "{DC406100-C105-4AE8-8BD1-4EF6EB5045A1}"
	ProjectSection(SolutionItems) = preProject
		codecov.yml = codecov.yml
	EndProjectSection
EndProject
Project("{2150E333-8FDC-42A3-9474-1A3956D46DE8}") = "Settings", "Settings", "{8BED688B-BC83-4B92-BB6B-D8D78EB6922C}"
	ProjectSection(SolutionItems) = preProject
		.gitignore = .gitignore
	EndProjectSection
EndProject
Global
	GlobalSection(SolutionConfigurationPlatforms) = preSolution
		Debug x64|Any CPU = Debug x64|Any CPU
		Debug x64|Mixed Platforms = Debug x64|Mixed Platforms
		Debug x64|x86 = Debug x64|x86
		Debug|Any CPU = Debug|Any CPU
		Debug|Mixed Platforms = Debug|Mixed Platforms
		Debug|x86 = Debug|x86
		Release x64|Any CPU = Release x64|Any CPU
		Release x64|Mixed Platforms = Release x64|Mixed Platforms
		Release x64|x86 = Release x64|x86
		Release|Any CPU = Release|Any CPU
		Release|Mixed Platforms = Release|Mixed Platforms
		Release|x86 = Release|x86
		Signed Release x64|Any CPU = Signed Release x64|Any CPU
		Signed Release x64|Mixed Platforms = Signed Release x64|Mixed Platforms
		Signed Release x64|x86 = Signed Release x64|x86
		Signed Release|Any CPU = Signed Release|Any CPU
		Signed Release|Mixed Platforms = Signed Release|Mixed Platforms
		Signed Release|x86 = Signed Release|x86
	EndGlobalSection
	GlobalSection(ProjectConfigurationPlatforms) = postSolution
		{77484B9B-7400-4C6E-A997-CAB7FA7F9B1E}.Debug x64|Any CPU.ActiveCfg = Debug|Any CPU
		{77484B9B-7400-4C6E-A997-CAB7FA7F9B1E}.Debug x64|Any CPU.Build.0 = Debug|Any CPU
		{77484B9B-7400-4C6E-A997-CAB7FA7F9B1E}.Debug x64|Mixed Platforms.ActiveCfg = Debug|Any CPU
		{77484B9B-7400-4C6E-A997-CAB7FA7F9B1E}.Debug x64|Mixed Platforms.Build.0 = Debug|Any CPU
		{77484B9B-7400-4C6E-A997-CAB7FA7F9B1E}.Debug x64|x86.ActiveCfg = Debug|Any CPU
		{77484B9B-7400-4C6E-A997-CAB7FA7F9B1E}.Debug|Any CPU.ActiveCfg = Debug|Any CPU
		{77484B9B-7400-4C6E-A997-CAB7FA7F9B1E}.Debug|Any CPU.Build.0 = Debug|Any CPU
		{77484B9B-7400-4C6E-A997-CAB7FA7F9B1E}.Debug|Mixed Platforms.ActiveCfg = Debug|Any CPU
		{77484B9B-7400-4C6E-A997-CAB7FA7F9B1E}.Debug|Mixed Platforms.Build.0 = Debug|Any CPU
		{77484B9B-7400-4C6E-A997-CAB7FA7F9B1E}.Debug|x86.ActiveCfg = Debug|Any CPU
		{77484B9B-7400-4C6E-A997-CAB7FA7F9B1E}.Release x64|Any CPU.ActiveCfg = Release|Any CPU
		{77484B9B-7400-4C6E-A997-CAB7FA7F9B1E}.Release x64|Any CPU.Build.0 = Release|Any CPU
		{77484B9B-7400-4C6E-A997-CAB7FA7F9B1E}.Release x64|Mixed Platforms.ActiveCfg = Release|Any CPU
		{77484B9B-7400-4C6E-A997-CAB7FA7F9B1E}.Release x64|Mixed Platforms.Build.0 = Release|Any CPU
		{77484B9B-7400-4C6E-A997-CAB7FA7F9B1E}.Release x64|x86.ActiveCfg = Release|Any CPU
		{77484B9B-7400-4C6E-A997-CAB7FA7F9B1E}.Release|Any CPU.ActiveCfg = Release|Any CPU
		{77484B9B-7400-4C6E-A997-CAB7FA7F9B1E}.Release|Any CPU.Build.0 = Release|Any CPU
		{77484B9B-7400-4C6E-A997-CAB7FA7F9B1E}.Release|Mixed Platforms.ActiveCfg = Release|Any CPU
		{77484B9B-7400-4C6E-A997-CAB7FA7F9B1E}.Release|Mixed Platforms.Build.0 = Release|Any CPU
		{77484B9B-7400-4C6E-A997-CAB7FA7F9B1E}.Release|x86.ActiveCfg = Release|Any CPU
		{77484B9B-7400-4C6E-A997-CAB7FA7F9B1E}.Signed Release x64|Any CPU.ActiveCfg = Signed Release x64|Any CPU
		{77484B9B-7400-4C6E-A997-CAB7FA7F9B1E}.Signed Release x64|Any CPU.Build.0 = Signed Release x64|Any CPU
		{77484B9B-7400-4C6E-A997-CAB7FA7F9B1E}.Signed Release x64|Mixed Platforms.ActiveCfg = Signed Release x64|Any CPU
		{77484B9B-7400-4C6E-A997-CAB7FA7F9B1E}.Signed Release x64|Mixed Platforms.Build.0 = Signed Release x64|Any CPU
		{77484B9B-7400-4C6E-A997-CAB7FA7F9B1E}.Signed Release x64|x86.ActiveCfg = Signed Release x64|Any CPU
		{77484B9B-7400-4C6E-A997-CAB7FA7F9B1E}.Signed Release|Any CPU.ActiveCfg = Signed Release|Any CPU
		{77484B9B-7400-4C6E-A997-CAB7FA7F9B1E}.Signed Release|Any CPU.Build.0 = Signed Release|Any CPU
		{77484B9B-7400-4C6E-A997-CAB7FA7F9B1E}.Signed Release|Mixed Platforms.ActiveCfg = Signed Release|Any CPU
		{77484B9B-7400-4C6E-A997-CAB7FA7F9B1E}.Signed Release|Mixed Platforms.Build.0 = Signed Release|Any CPU
		{77484B9B-7400-4C6E-A997-CAB7FA7F9B1E}.Signed Release|x86.ActiveCfg = Signed Release|Any CPU
		{1F5F6D44-DD73-4D1E-882D-ED0681A0F4AB}.Debug x64|Any CPU.ActiveCfg = Debug|Any CPU
		{1F5F6D44-DD73-4D1E-882D-ED0681A0F4AB}.Debug x64|Any CPU.Build.0 = Debug|Any CPU
		{1F5F6D44-DD73-4D1E-882D-ED0681A0F4AB}.Debug x64|Mixed Platforms.ActiveCfg = Debug|Any CPU
		{1F5F6D44-DD73-4D1E-882D-ED0681A0F4AB}.Debug x64|Mixed Platforms.Build.0 = Debug|Any CPU
		{1F5F6D44-DD73-4D1E-882D-ED0681A0F4AB}.Debug x64|x86.ActiveCfg = Debug|Any CPU
		{1F5F6D44-DD73-4D1E-882D-ED0681A0F4AB}.Debug x64|x86.Build.0 = Debug|Any CPU
		{1F5F6D44-DD73-4D1E-882D-ED0681A0F4AB}.Debug|Any CPU.ActiveCfg = Debug|Any CPU
		{1F5F6D44-DD73-4D1E-882D-ED0681A0F4AB}.Debug|Any CPU.Build.0 = Debug|Any CPU
		{1F5F6D44-DD73-4D1E-882D-ED0681A0F4AB}.Debug|Mixed Platforms.ActiveCfg = Debug|Any CPU
		{1F5F6D44-DD73-4D1E-882D-ED0681A0F4AB}.Debug|Mixed Platforms.Build.0 = Debug|Any CPU
		{1F5F6D44-DD73-4D1E-882D-ED0681A0F4AB}.Debug|x86.ActiveCfg = Debug|Any CPU
		{1F5F6D44-DD73-4D1E-882D-ED0681A0F4AB}.Debug|x86.Build.0 = Debug|Any CPU
		{1F5F6D44-DD73-4D1E-882D-ED0681A0F4AB}.Release x64|Any CPU.ActiveCfg = Release|Any CPU
		{1F5F6D44-DD73-4D1E-882D-ED0681A0F4AB}.Release x64|Any CPU.Build.0 = Release|Any CPU
		{1F5F6D44-DD73-4D1E-882D-ED0681A0F4AB}.Release x64|Mixed Platforms.ActiveCfg = Release|Any CPU
		{1F5F6D44-DD73-4D1E-882D-ED0681A0F4AB}.Release x64|Mixed Platforms.Build.0 = Release|Any CPU
		{1F5F6D44-DD73-4D1E-882D-ED0681A0F4AB}.Release x64|x86.ActiveCfg = Release|Any CPU
		{1F5F6D44-DD73-4D1E-882D-ED0681A0F4AB}.Release x64|x86.Build.0 = Release|Any CPU
		{1F5F6D44-DD73-4D1E-882D-ED0681A0F4AB}.Release|Any CPU.ActiveCfg = Release|Any CPU
		{1F5F6D44-DD73-4D1E-882D-ED0681A0F4AB}.Release|Any CPU.Build.0 = Release|Any CPU
		{1F5F6D44-DD73-4D1E-882D-ED0681A0F4AB}.Release|Mixed Platforms.ActiveCfg = Release|Any CPU
		{1F5F6D44-DD73-4D1E-882D-ED0681A0F4AB}.Release|Mixed Platforms.Build.0 = Release|Any CPU
		{1F5F6D44-DD73-4D1E-882D-ED0681A0F4AB}.Release|x86.ActiveCfg = Release|Any CPU
		{1F5F6D44-DD73-4D1E-882D-ED0681A0F4AB}.Release|x86.Build.0 = Release|Any CPU
		{1F5F6D44-DD73-4D1E-882D-ED0681A0F4AB}.Signed Release x64|Any CPU.ActiveCfg = Release|Any CPU
		{1F5F6D44-DD73-4D1E-882D-ED0681A0F4AB}.Signed Release x64|Any CPU.Build.0 = Release|Any CPU
		{1F5F6D44-DD73-4D1E-882D-ED0681A0F4AB}.Signed Release x64|Mixed Platforms.ActiveCfg = Release|Any CPU
		{1F5F6D44-DD73-4D1E-882D-ED0681A0F4AB}.Signed Release x64|Mixed Platforms.Build.0 = Release|Any CPU
		{1F5F6D44-DD73-4D1E-882D-ED0681A0F4AB}.Signed Release x64|x86.ActiveCfg = Release|Any CPU
		{1F5F6D44-DD73-4D1E-882D-ED0681A0F4AB}.Signed Release x64|x86.Build.0 = Release|Any CPU
		{1F5F6D44-DD73-4D1E-882D-ED0681A0F4AB}.Signed Release|Any CPU.ActiveCfg = Release|Any CPU
		{1F5F6D44-DD73-4D1E-882D-ED0681A0F4AB}.Signed Release|Any CPU.Build.0 = Release|Any CPU
		{1F5F6D44-DD73-4D1E-882D-ED0681A0F4AB}.Signed Release|Mixed Platforms.ActiveCfg = Release|Any CPU
		{1F5F6D44-DD73-4D1E-882D-ED0681A0F4AB}.Signed Release|Mixed Platforms.Build.0 = Release|Any CPU
		{1F5F6D44-DD73-4D1E-882D-ED0681A0F4AB}.Signed Release|x86.ActiveCfg = Release|Any CPU
		{1F5F6D44-DD73-4D1E-882D-ED0681A0F4AB}.Signed Release|x86.Build.0 = Release|Any CPU
		{416E6295-156F-4576-A4D4-A64224ED9391}.Debug x64|Any CPU.ActiveCfg = Debug|Any CPU
		{416E6295-156F-4576-A4D4-A64224ED9391}.Debug x64|Any CPU.Build.0 = Debug|Any CPU
		{416E6295-156F-4576-A4D4-A64224ED9391}.Debug x64|Mixed Platforms.ActiveCfg = Debug|Any CPU
		{416E6295-156F-4576-A4D4-A64224ED9391}.Debug x64|Mixed Platforms.Build.0 = Debug|Any CPU
		{416E6295-156F-4576-A4D4-A64224ED9391}.Debug x64|x86.ActiveCfg = Debug|Any CPU
		{416E6295-156F-4576-A4D4-A64224ED9391}.Debug x64|x86.Build.0 = Debug|Any CPU
		{416E6295-156F-4576-A4D4-A64224ED9391}.Debug|Any CPU.ActiveCfg = Debug|Any CPU
		{416E6295-156F-4576-A4D4-A64224ED9391}.Debug|Any CPU.Build.0 = Debug|Any CPU
		{416E6295-156F-4576-A4D4-A64224ED9391}.Debug|Mixed Platforms.ActiveCfg = Debug|Any CPU
		{416E6295-156F-4576-A4D4-A64224ED9391}.Debug|Mixed Platforms.Build.0 = Debug|Any CPU
		{416E6295-156F-4576-A4D4-A64224ED9391}.Debug|x86.ActiveCfg = Debug|Any CPU
		{416E6295-156F-4576-A4D4-A64224ED9391}.Debug|x86.Build.0 = Debug|Any CPU
		{416E6295-156F-4576-A4D4-A64224ED9391}.Release x64|Any CPU.ActiveCfg = Release|Any CPU
		{416E6295-156F-4576-A4D4-A64224ED9391}.Release x64|Any CPU.Build.0 = Release|Any CPU
		{416E6295-156F-4576-A4D4-A64224ED9391}.Release x64|Mixed Platforms.ActiveCfg = Release|Any CPU
		{416E6295-156F-4576-A4D4-A64224ED9391}.Release x64|Mixed Platforms.Build.0 = Release|Any CPU
		{416E6295-156F-4576-A4D4-A64224ED9391}.Release x64|x86.ActiveCfg = Release|Any CPU
		{416E6295-156F-4576-A4D4-A64224ED9391}.Release x64|x86.Build.0 = Release|Any CPU
		{416E6295-156F-4576-A4D4-A64224ED9391}.Release|Any CPU.ActiveCfg = Release|Any CPU
		{416E6295-156F-4576-A4D4-A64224ED9391}.Release|Any CPU.Build.0 = Release|Any CPU
		{416E6295-156F-4576-A4D4-A64224ED9391}.Release|Mixed Platforms.ActiveCfg = Release|Any CPU
		{416E6295-156F-4576-A4D4-A64224ED9391}.Release|Mixed Platforms.Build.0 = Release|Any CPU
		{416E6295-156F-4576-A4D4-A64224ED9391}.Release|x86.ActiveCfg = Release|Any CPU
		{416E6295-156F-4576-A4D4-A64224ED9391}.Release|x86.Build.0 = Release|Any CPU
		{416E6295-156F-4576-A4D4-A64224ED9391}.Signed Release x64|Any CPU.ActiveCfg = Release|Any CPU
		{416E6295-156F-4576-A4D4-A64224ED9391}.Signed Release x64|Any CPU.Build.0 = Release|Any CPU
		{416E6295-156F-4576-A4D4-A64224ED9391}.Signed Release x64|Mixed Platforms.ActiveCfg = Release|Any CPU
		{416E6295-156F-4576-A4D4-A64224ED9391}.Signed Release x64|Mixed Platforms.Build.0 = Release|Any CPU
		{416E6295-156F-4576-A4D4-A64224ED9391}.Signed Release x64|x86.ActiveCfg = Release|Any CPU
		{416E6295-156F-4576-A4D4-A64224ED9391}.Signed Release x64|x86.Build.0 = Release|Any CPU
		{416E6295-156F-4576-A4D4-A64224ED9391}.Signed Release|Any CPU.ActiveCfg = Release|Any CPU
		{416E6295-156F-4576-A4D4-A64224ED9391}.Signed Release|Any CPU.Build.0 = Release|Any CPU
		{416E6295-156F-4576-A4D4-A64224ED9391}.Signed Release|Mixed Platforms.ActiveCfg = Release|Any CPU
		{416E6295-156F-4576-A4D4-A64224ED9391}.Signed Release|Mixed Platforms.Build.0 = Release|Any CPU
		{416E6295-156F-4576-A4D4-A64224ED9391}.Signed Release|x86.ActiveCfg = Release|Any CPU
		{416E6295-156F-4576-A4D4-A64224ED9391}.Signed Release|x86.Build.0 = Release|Any CPU
		{A890780A-AA8F-4DCB-8290-CCA66D1E86E9}.Debug x64|Any CPU.ActiveCfg = Debug|Any CPU
		{A890780A-AA8F-4DCB-8290-CCA66D1E86E9}.Debug x64|Any CPU.Build.0 = Debug|Any CPU
		{A890780A-AA8F-4DCB-8290-CCA66D1E86E9}.Debug x64|Mixed Platforms.ActiveCfg = Debug|Any CPU
		{A890780A-AA8F-4DCB-8290-CCA66D1E86E9}.Debug x64|Mixed Platforms.Build.0 = Debug|Any CPU
		{A890780A-AA8F-4DCB-8290-CCA66D1E86E9}.Debug x64|x86.ActiveCfg = Debug|Any CPU
		{A890780A-AA8F-4DCB-8290-CCA66D1E86E9}.Debug x64|x86.Build.0 = Debug|Any CPU
		{A890780A-AA8F-4DCB-8290-CCA66D1E86E9}.Debug|Any CPU.ActiveCfg = Debug|Any CPU
		{A890780A-AA8F-4DCB-8290-CCA66D1E86E9}.Debug|Any CPU.Build.0 = Debug|Any CPU
		{A890780A-AA8F-4DCB-8290-CCA66D1E86E9}.Debug|Mixed Platforms.ActiveCfg = Debug|Any CPU
		{A890780A-AA8F-4DCB-8290-CCA66D1E86E9}.Debug|Mixed Platforms.Build.0 = Debug|Any CPU
		{A890780A-AA8F-4DCB-8290-CCA66D1E86E9}.Debug|x86.ActiveCfg = Debug|Any CPU
		{A890780A-AA8F-4DCB-8290-CCA66D1E86E9}.Debug|x86.Build.0 = Debug|Any CPU
		{A890780A-AA8F-4DCB-8290-CCA66D1E86E9}.Release x64|Any CPU.ActiveCfg = Release|Any CPU
		{A890780A-AA8F-4DCB-8290-CCA66D1E86E9}.Release x64|Any CPU.Build.0 = Release|Any CPU
		{A890780A-AA8F-4DCB-8290-CCA66D1E86E9}.Release x64|Mixed Platforms.ActiveCfg = Release|Any CPU
		{A890780A-AA8F-4DCB-8290-CCA66D1E86E9}.Release x64|Mixed Platforms.Build.0 = Release|Any CPU
		{A890780A-AA8F-4DCB-8290-CCA66D1E86E9}.Release x64|x86.ActiveCfg = Release|Any CPU
		{A890780A-AA8F-4DCB-8290-CCA66D1E86E9}.Release x64|x86.Build.0 = Release|Any CPU
		{A890780A-AA8F-4DCB-8290-CCA66D1E86E9}.Release|Any CPU.ActiveCfg = Release|Any CPU
		{A890780A-AA8F-4DCB-8290-CCA66D1E86E9}.Release|Any CPU.Build.0 = Release|Any CPU
		{A890780A-AA8F-4DCB-8290-CCA66D1E86E9}.Release|Mixed Platforms.ActiveCfg = Release|Any CPU
		{A890780A-AA8F-4DCB-8290-CCA66D1E86E9}.Release|Mixed Platforms.Build.0 = Release|Any CPU
		{A890780A-AA8F-4DCB-8290-CCA66D1E86E9}.Release|x86.ActiveCfg = Release|Any CPU
		{A890780A-AA8F-4DCB-8290-CCA66D1E86E9}.Release|x86.Build.0 = Release|Any CPU
		{A890780A-AA8F-4DCB-8290-CCA66D1E86E9}.Signed Release x64|Any CPU.ActiveCfg = Release|Any CPU
		{A890780A-AA8F-4DCB-8290-CCA66D1E86E9}.Signed Release x64|Any CPU.Build.0 = Release|Any CPU
		{A890780A-AA8F-4DCB-8290-CCA66D1E86E9}.Signed Release x64|Mixed Platforms.ActiveCfg = Release|Any CPU
		{A890780A-AA8F-4DCB-8290-CCA66D1E86E9}.Signed Release x64|Mixed Platforms.Build.0 = Release|Any CPU
		{A890780A-AA8F-4DCB-8290-CCA66D1E86E9}.Signed Release x64|x86.ActiveCfg = Release|Any CPU
		{A890780A-AA8F-4DCB-8290-CCA66D1E86E9}.Signed Release x64|x86.Build.0 = Release|Any CPU
		{A890780A-AA8F-4DCB-8290-CCA66D1E86E9}.Signed Release|Any CPU.ActiveCfg = Release|Any CPU
		{A890780A-AA8F-4DCB-8290-CCA66D1E86E9}.Signed Release|Any CPU.Build.0 = Release|Any CPU
		{A890780A-AA8F-4DCB-8290-CCA66D1E86E9}.Signed Release|Mixed Platforms.ActiveCfg = Release|Any CPU
		{A890780A-AA8F-4DCB-8290-CCA66D1E86E9}.Signed Release|Mixed Platforms.Build.0 = Release|Any CPU
		{A890780A-AA8F-4DCB-8290-CCA66D1E86E9}.Signed Release|x86.ActiveCfg = Release|Any CPU
		{A890780A-AA8F-4DCB-8290-CCA66D1E86E9}.Signed Release|x86.Build.0 = Release|Any CPU
		{4D2A955B-BE98-80C7-B5CE-6147D2B9404C}.Debug x64|Any CPU.ActiveCfg = Debug|Any CPU
		{4D2A955B-BE98-80C7-B5CE-6147D2B9404C}.Debug x64|Any CPU.Build.0 = Debug|Any CPU
		{4D2A955B-BE98-80C7-B5CE-6147D2B9404C}.Debug x64|Mixed Platforms.ActiveCfg = Debug|Any CPU
		{4D2A955B-BE98-80C7-B5CE-6147D2B9404C}.Debug x64|Mixed Platforms.Build.0 = Debug|Any CPU
		{4D2A955B-BE98-80C7-B5CE-6147D2B9404C}.Debug x64|x86.ActiveCfg = Debug|Any CPU
		{4D2A955B-BE98-80C7-B5CE-6147D2B9404C}.Debug x64|x86.Build.0 = Debug|Any CPU
		{4D2A955B-BE98-80C7-B5CE-6147D2B9404C}.Debug|Any CPU.ActiveCfg = Debug|Any CPU
		{4D2A955B-BE98-80C7-B5CE-6147D2B9404C}.Debug|Any CPU.Build.0 = Debug|Any CPU
		{4D2A955B-BE98-80C7-B5CE-6147D2B9404C}.Debug|Mixed Platforms.ActiveCfg = Debug|Any CPU
		{4D2A955B-BE98-80C7-B5CE-6147D2B9404C}.Debug|Mixed Platforms.Build.0 = Debug|Any CPU
		{4D2A955B-BE98-80C7-B5CE-6147D2B9404C}.Debug|x86.ActiveCfg = Debug|Any CPU
		{4D2A955B-BE98-80C7-B5CE-6147D2B9404C}.Debug|x86.Build.0 = Debug|Any CPU
		{4D2A955B-BE98-80C7-B5CE-6147D2B9404C}.Release x64|Any CPU.ActiveCfg = Release|Any CPU
		{4D2A955B-BE98-80C7-B5CE-6147D2B9404C}.Release x64|Any CPU.Build.0 = Release|Any CPU
		{4D2A955B-BE98-80C7-B5CE-6147D2B9404C}.Release x64|Mixed Platforms.ActiveCfg = Release|Any CPU
		{4D2A955B-BE98-80C7-B5CE-6147D2B9404C}.Release x64|Mixed Platforms.Build.0 = Release|Any CPU
		{4D2A955B-BE98-80C7-B5CE-6147D2B9404C}.Release x64|x86.ActiveCfg = Release|Any CPU
		{4D2A955B-BE98-80C7-B5CE-6147D2B9404C}.Release x64|x86.Build.0 = Release|Any CPU
		{4D2A955B-BE98-80C7-B5CE-6147D2B9404C}.Release|Any CPU.ActiveCfg = Release|Any CPU
		{4D2A955B-BE98-80C7-B5CE-6147D2B9404C}.Release|Any CPU.Build.0 = Release|Any CPU
		{4D2A955B-BE98-80C7-B5CE-6147D2B9404C}.Release|Mixed Platforms.ActiveCfg = Release|Any CPU
		{4D2A955B-BE98-80C7-B5CE-6147D2B9404C}.Release|Mixed Platforms.Build.0 = Release|Any CPU
		{4D2A955B-BE98-80C7-B5CE-6147D2B9404C}.Release|x86.ActiveCfg = Release|Any CPU
		{4D2A955B-BE98-80C7-B5CE-6147D2B9404C}.Release|x86.Build.0 = Release|Any CPU
		{4D2A955B-BE98-80C7-B5CE-6147D2B9404C}.Signed Release x64|Any CPU.ActiveCfg = Release|Any CPU
		{4D2A955B-BE98-80C7-B5CE-6147D2B9404C}.Signed Release x64|Any CPU.Build.0 = Release|Any CPU
		{4D2A955B-BE98-80C7-B5CE-6147D2B9404C}.Signed Release x64|Mixed Platforms.ActiveCfg = Release|Any CPU
		{4D2A955B-BE98-80C7-B5CE-6147D2B9404C}.Signed Release x64|Mixed Platforms.Build.0 = Release|Any CPU
		{4D2A955B-BE98-80C7-B5CE-6147D2B9404C}.Signed Release x64|x86.ActiveCfg = Release|Any CPU
		{4D2A955B-BE98-80C7-B5CE-6147D2B9404C}.Signed Release x64|x86.Build.0 = Release|Any CPU
		{4D2A955B-BE98-80C7-B5CE-6147D2B9404C}.Signed Release|Any CPU.ActiveCfg = Release|Any CPU
		{4D2A955B-BE98-80C7-B5CE-6147D2B9404C}.Signed Release|Any CPU.Build.0 = Release|Any CPU
		{4D2A955B-BE98-80C7-B5CE-6147D2B9404C}.Signed Release|Mixed Platforms.ActiveCfg = Release|Any CPU
		{4D2A955B-BE98-80C7-B5CE-6147D2B9404C}.Signed Release|Mixed Platforms.Build.0 = Release|Any CPU
		{4D2A955B-BE98-80C7-B5CE-6147D2B9404C}.Signed Release|x86.ActiveCfg = Release|Any CPU
		{4D2A955B-BE98-80C7-B5CE-6147D2B9404C}.Signed Release|x86.Build.0 = Release|Any CPU
		{A1E4AB90-1DFD-E3B8-7CC4-5C9E23001E05}.Debug x64|Any CPU.ActiveCfg = Debug|Any CPU
		{A1E4AB90-1DFD-E3B8-7CC4-5C9E23001E05}.Debug x64|Any CPU.Build.0 = Debug|Any CPU
		{A1E4AB90-1DFD-E3B8-7CC4-5C9E23001E05}.Debug x64|Mixed Platforms.ActiveCfg = Debug|Any CPU
		{A1E4AB90-1DFD-E3B8-7CC4-5C9E23001E05}.Debug x64|Mixed Platforms.Build.0 = Debug|Any CPU
		{A1E4AB90-1DFD-E3B8-7CC4-5C9E23001E05}.Debug x64|x86.ActiveCfg = Debug|Any CPU
		{A1E4AB90-1DFD-E3B8-7CC4-5C9E23001E05}.Debug x64|x86.Build.0 = Debug|Any CPU
		{A1E4AB90-1DFD-E3B8-7CC4-5C9E23001E05}.Debug|Any CPU.ActiveCfg = Debug|Any CPU
		{A1E4AB90-1DFD-E3B8-7CC4-5C9E23001E05}.Debug|Any CPU.Build.0 = Debug|Any CPU
		{A1E4AB90-1DFD-E3B8-7CC4-5C9E23001E05}.Debug|Mixed Platforms.ActiveCfg = Debug|Any CPU
		{A1E4AB90-1DFD-E3B8-7CC4-5C9E23001E05}.Debug|Mixed Platforms.Build.0 = Debug|Any CPU
		{A1E4AB90-1DFD-E3B8-7CC4-5C9E23001E05}.Debug|x86.ActiveCfg = Debug|Any CPU
		{A1E4AB90-1DFD-E3B8-7CC4-5C9E23001E05}.Debug|x86.Build.0 = Debug|Any CPU
		{A1E4AB90-1DFD-E3B8-7CC4-5C9E23001E05}.Release x64|Any CPU.ActiveCfg = Release|Any CPU
		{A1E4AB90-1DFD-E3B8-7CC4-5C9E23001E05}.Release x64|Any CPU.Build.0 = Release|Any CPU
		{A1E4AB90-1DFD-E3B8-7CC4-5C9E23001E05}.Release x64|Mixed Platforms.ActiveCfg = Release|Any CPU
		{A1E4AB90-1DFD-E3B8-7CC4-5C9E23001E05}.Release x64|Mixed Platforms.Build.0 = Release|Any CPU
		{A1E4AB90-1DFD-E3B8-7CC4-5C9E23001E05}.Release x64|x86.ActiveCfg = Release|Any CPU
		{A1E4AB90-1DFD-E3B8-7CC4-5C9E23001E05}.Release x64|x86.Build.0 = Release|Any CPU
		{A1E4AB90-1DFD-E3B8-7CC4-5C9E23001E05}.Release|Any CPU.ActiveCfg = Release|Any CPU
		{A1E4AB90-1DFD-E3B8-7CC4-5C9E23001E05}.Release|Any CPU.Build.0 = Release|Any CPU
		{A1E4AB90-1DFD-E3B8-7CC4-5C9E23001E05}.Release|Mixed Platforms.ActiveCfg = Release|Any CPU
		{A1E4AB90-1DFD-E3B8-7CC4-5C9E23001E05}.Release|Mixed Platforms.Build.0 = Release|Any CPU
		{A1E4AB90-1DFD-E3B8-7CC4-5C9E23001E05}.Release|x86.ActiveCfg = Release|Any CPU
		{A1E4AB90-1DFD-E3B8-7CC4-5C9E23001E05}.Release|x86.Build.0 = Release|Any CPU
		{A1E4AB90-1DFD-E3B8-7CC4-5C9E23001E05}.Signed Release x64|Any CPU.ActiveCfg = Release|Any CPU
		{A1E4AB90-1DFD-E3B8-7CC4-5C9E23001E05}.Signed Release x64|Any CPU.Build.0 = Release|Any CPU
		{A1E4AB90-1DFD-E3B8-7CC4-5C9E23001E05}.Signed Release x64|Mixed Platforms.ActiveCfg = Release|Any CPU
		{A1E4AB90-1DFD-E3B8-7CC4-5C9E23001E05}.Signed Release x64|Mixed Platforms.Build.0 = Release|Any CPU
		{A1E4AB90-1DFD-E3B8-7CC4-5C9E23001E05}.Signed Release x64|x86.ActiveCfg = Release|Any CPU
		{A1E4AB90-1DFD-E3B8-7CC4-5C9E23001E05}.Signed Release x64|x86.Build.0 = Release|Any CPU
		{A1E4AB90-1DFD-E3B8-7CC4-5C9E23001E05}.Signed Release|Any CPU.ActiveCfg = Release|Any CPU
		{A1E4AB90-1DFD-E3B8-7CC4-5C9E23001E05}.Signed Release|Any CPU.Build.0 = Release|Any CPU
		{A1E4AB90-1DFD-E3B8-7CC4-5C9E23001E05}.Signed Release|Mixed Platforms.ActiveCfg = Release|Any CPU
		{A1E4AB90-1DFD-E3B8-7CC4-5C9E23001E05}.Signed Release|Mixed Platforms.Build.0 = Release|Any CPU
		{A1E4AB90-1DFD-E3B8-7CC4-5C9E23001E05}.Signed Release|x86.ActiveCfg = Release|Any CPU
		{A1E4AB90-1DFD-E3B8-7CC4-5C9E23001E05}.Signed Release|x86.Build.0 = Release|Any CPU
		{E7C17FFF-2453-5599-4DAE-D22656B1CC91}.Debug x64|Any CPU.ActiveCfg = Debug|Any CPU
		{E7C17FFF-2453-5599-4DAE-D22656B1CC91}.Debug x64|Any CPU.Build.0 = Debug|Any CPU
		{E7C17FFF-2453-5599-4DAE-D22656B1CC91}.Debug x64|Mixed Platforms.ActiveCfg = Debug|Any CPU
		{E7C17FFF-2453-5599-4DAE-D22656B1CC91}.Debug x64|Mixed Platforms.Build.0 = Debug|Any CPU
		{E7C17FFF-2453-5599-4DAE-D22656B1CC91}.Debug x64|x86.ActiveCfg = Debug|Any CPU
		{E7C17FFF-2453-5599-4DAE-D22656B1CC91}.Debug x64|x86.Build.0 = Debug|Any CPU
		{E7C17FFF-2453-5599-4DAE-D22656B1CC91}.Debug|Any CPU.ActiveCfg = Debug|Any CPU
		{E7C17FFF-2453-5599-4DAE-D22656B1CC91}.Debug|Any CPU.Build.0 = Debug|Any CPU
		{E7C17FFF-2453-5599-4DAE-D22656B1CC91}.Debug|Mixed Platforms.ActiveCfg = Debug|Any CPU
		{E7C17FFF-2453-5599-4DAE-D22656B1CC91}.Debug|Mixed Platforms.Build.0 = Debug|Any CPU
		{E7C17FFF-2453-5599-4DAE-D22656B1CC91}.Debug|x86.ActiveCfg = Debug|Any CPU
		{E7C17FFF-2453-5599-4DAE-D22656B1CC91}.Debug|x86.Build.0 = Debug|Any CPU
		{E7C17FFF-2453-5599-4DAE-D22656B1CC91}.Release x64|Any CPU.ActiveCfg = Release|Any CPU
		{E7C17FFF-2453-5599-4DAE-D22656B1CC91}.Release x64|Any CPU.Build.0 = Release|Any CPU
		{E7C17FFF-2453-5599-4DAE-D22656B1CC91}.Release x64|Mixed Platforms.ActiveCfg = Release|Any CPU
		{E7C17FFF-2453-5599-4DAE-D22656B1CC91}.Release x64|Mixed Platforms.Build.0 = Release|Any CPU
		{E7C17FFF-2453-5599-4DAE-D22656B1CC91}.Release x64|x86.ActiveCfg = Release|Any CPU
		{E7C17FFF-2453-5599-4DAE-D22656B1CC91}.Release x64|x86.Build.0 = Release|Any CPU
		{E7C17FFF-2453-5599-4DAE-D22656B1CC91}.Release|Any CPU.ActiveCfg = Release|Any CPU
		{E7C17FFF-2453-5599-4DAE-D22656B1CC91}.Release|Any CPU.Build.0 = Release|Any CPU
		{E7C17FFF-2453-5599-4DAE-D22656B1CC91}.Release|Mixed Platforms.ActiveCfg = Release|Any CPU
		{E7C17FFF-2453-5599-4DAE-D22656B1CC91}.Release|Mixed Platforms.Build.0 = Release|Any CPU
		{E7C17FFF-2453-5599-4DAE-D22656B1CC91}.Release|x86.ActiveCfg = Release|Any CPU
		{E7C17FFF-2453-5599-4DAE-D22656B1CC91}.Release|x86.Build.0 = Release|Any CPU
		{E7C17FFF-2453-5599-4DAE-D22656B1CC91}.Signed Release x64|Any CPU.ActiveCfg = Release|Any CPU
		{E7C17FFF-2453-5599-4DAE-D22656B1CC91}.Signed Release x64|Any CPU.Build.0 = Release|Any CPU
		{E7C17FFF-2453-5599-4DAE-D22656B1CC91}.Signed Release x64|Mixed Platforms.ActiveCfg = Release|Any CPU
		{E7C17FFF-2453-5599-4DAE-D22656B1CC91}.Signed Release x64|Mixed Platforms.Build.0 = Release|Any CPU
		{E7C17FFF-2453-5599-4DAE-D22656B1CC91}.Signed Release x64|x86.ActiveCfg = Release|Any CPU
		{E7C17FFF-2453-5599-4DAE-D22656B1CC91}.Signed Release x64|x86.Build.0 = Release|Any CPU
		{E7C17FFF-2453-5599-4DAE-D22656B1CC91}.Signed Release|Any CPU.ActiveCfg = Release|Any CPU
		{E7C17FFF-2453-5599-4DAE-D22656B1CC91}.Signed Release|Any CPU.Build.0 = Release|Any CPU
		{E7C17FFF-2453-5599-4DAE-D22656B1CC91}.Signed Release|Mixed Platforms.ActiveCfg = Release|Any CPU
		{E7C17FFF-2453-5599-4DAE-D22656B1CC91}.Signed Release|Mixed Platforms.Build.0 = Release|Any CPU
		{E7C17FFF-2453-5599-4DAE-D22656B1CC91}.Signed Release|x86.ActiveCfg = Release|Any CPU
		{E7C17FFF-2453-5599-4DAE-D22656B1CC91}.Signed Release|x86.Build.0 = Release|Any CPU
		{94CD5DD4-1026-5124-3151-1362C5E360C8}.Debug x64|Any CPU.ActiveCfg = Debug|Any CPU
		{94CD5DD4-1026-5124-3151-1362C5E360C8}.Debug x64|Any CPU.Build.0 = Debug|Any CPU
		{94CD5DD4-1026-5124-3151-1362C5E360C8}.Debug x64|Mixed Platforms.ActiveCfg = Debug|Any CPU
		{94CD5DD4-1026-5124-3151-1362C5E360C8}.Debug x64|Mixed Platforms.Build.0 = Debug|Any CPU
		{94CD5DD4-1026-5124-3151-1362C5E360C8}.Debug x64|x86.ActiveCfg = Debug|Any CPU
		{94CD5DD4-1026-5124-3151-1362C5E360C8}.Debug x64|x86.Build.0 = Debug|Any CPU
		{94CD5DD4-1026-5124-3151-1362C5E360C8}.Debug|Any CPU.ActiveCfg = Debug|Any CPU
		{94CD5DD4-1026-5124-3151-1362C5E360C8}.Debug|Any CPU.Build.0 = Debug|Any CPU
		{94CD5DD4-1026-5124-3151-1362C5E360C8}.Debug|Mixed Platforms.ActiveCfg = Debug|Any CPU
		{94CD5DD4-1026-5124-3151-1362C5E360C8}.Debug|Mixed Platforms.Build.0 = Debug|Any CPU
		{94CD5DD4-1026-5124-3151-1362C5E360C8}.Debug|x86.ActiveCfg = Debug|Any CPU
		{94CD5DD4-1026-5124-3151-1362C5E360C8}.Debug|x86.Build.0 = Debug|Any CPU
		{94CD5DD4-1026-5124-3151-1362C5E360C8}.Release x64|Any CPU.ActiveCfg = Release|Any CPU
		{94CD5DD4-1026-5124-3151-1362C5E360C8}.Release x64|Any CPU.Build.0 = Release|Any CPU
		{94CD5DD4-1026-5124-3151-1362C5E360C8}.Release x64|Mixed Platforms.ActiveCfg = Release|Any CPU
		{94CD5DD4-1026-5124-3151-1362C5E360C8}.Release x64|Mixed Platforms.Build.0 = Release|Any CPU
		{94CD5DD4-1026-5124-3151-1362C5E360C8}.Release x64|x86.ActiveCfg = Release|Any CPU
		{94CD5DD4-1026-5124-3151-1362C5E360C8}.Release x64|x86.Build.0 = Release|Any CPU
		{94CD5DD4-1026-5124-3151-1362C5E360C8}.Release|Any CPU.ActiveCfg = Release|Any CPU
		{94CD5DD4-1026-5124-3151-1362C5E360C8}.Release|Any CPU.Build.0 = Release|Any CPU
		{94CD5DD4-1026-5124-3151-1362C5E360C8}.Release|Mixed Platforms.ActiveCfg = Release|Any CPU
		{94CD5DD4-1026-5124-3151-1362C5E360C8}.Release|Mixed Platforms.Build.0 = Release|Any CPU
		{94CD5DD4-1026-5124-3151-1362C5E360C8}.Release|x86.ActiveCfg = Release|Any CPU
		{94CD5DD4-1026-5124-3151-1362C5E360C8}.Release|x86.Build.0 = Release|Any CPU
		{94CD5DD4-1026-5124-3151-1362C5E360C8}.Signed Release x64|Any CPU.ActiveCfg = Release|Any CPU
		{94CD5DD4-1026-5124-3151-1362C5E360C8}.Signed Release x64|Any CPU.Build.0 = Release|Any CPU
		{94CD5DD4-1026-5124-3151-1362C5E360C8}.Signed Release x64|Mixed Platforms.ActiveCfg = Release|Any CPU
		{94CD5DD4-1026-5124-3151-1362C5E360C8}.Signed Release x64|Mixed Platforms.Build.0 = Release|Any CPU
		{94CD5DD4-1026-5124-3151-1362C5E360C8}.Signed Release x64|x86.ActiveCfg = Release|Any CPU
		{94CD5DD4-1026-5124-3151-1362C5E360C8}.Signed Release x64|x86.Build.0 = Release|Any CPU
		{94CD5DD4-1026-5124-3151-1362C5E360C8}.Signed Release|Any CPU.ActiveCfg = Release|Any CPU
		{94CD5DD4-1026-5124-3151-1362C5E360C8}.Signed Release|Any CPU.Build.0 = Release|Any CPU
		{94CD5DD4-1026-5124-3151-1362C5E360C8}.Signed Release|Mixed Platforms.ActiveCfg = Release|Any CPU
		{94CD5DD4-1026-5124-3151-1362C5E360C8}.Signed Release|Mixed Platforms.Build.0 = Release|Any CPU
		{94CD5DD4-1026-5124-3151-1362C5E360C8}.Signed Release|x86.ActiveCfg = Release|Any CPU
		{94CD5DD4-1026-5124-3151-1362C5E360C8}.Signed Release|x86.Build.0 = Release|Any CPU
	EndGlobalSection
	GlobalSection(SolutionProperties) = preSolution
		HideSolutionNode = FALSE
	EndGlobalSection
	GlobalSection(NestedProjects) = preSolution
		{4D2A955B-BE98-80C7-B5CE-6147D2B9404C} = {F88B5D6E-EB6E-4B02-9264-79077B7BEDBB}
		{A1E4AB90-1DFD-E3B8-7CC4-5C9E23001E05} = {64A88384-A777-47DE-A213-13A0157DC278}
		{E7C17FFF-2453-5599-4DAE-D22656B1CC91} = {64A88384-A777-47DE-A213-13A0157DC278}
		{94CD5DD4-1026-5124-3151-1362C5E360C8} = {64A88384-A777-47DE-A213-13A0157DC278}
		{98EE4D01-A3F5-4B7A-A873-A7AAAB4F5089} = {57BD0CD8-DCE9-4F5B-8A75-3A1A1EE18309}
		{DC406100-C105-4AE8-8BD1-4EF6EB5045A1} = {57BD0CD8-DCE9-4F5B-8A75-3A1A1EE18309}
		{8BED688B-BC83-4B92-BB6B-D8D78EB6922C} = {57BD0CD8-DCE9-4F5B-8A75-3A1A1EE18309}
	EndGlobalSection
	GlobalSection(ExtensibilityGlobals) = postSolution
		SolutionGuid = {92513C39-0B48-4819-9ED3-C7F17F820A97}
	EndGlobalSection
EndGlobal
